
Microsoft Visual Studio Solution File, Format Version 12.00
# Visual Studio Version 17
VisualStudioVersion = 17.12.35506.116
MinimumVisualStudioVersion = 10.0.40219.1
Project("{FAE04EC0-301F-11D3-BF4B-00C04F79EFBC}") = "EmployeeManagement-system", "EmployeeManagement-system\EmployeeManagement-system.csproj", "{BEB2FAFB-8CE7-4950-838C-5E89C2B249E8}"
EndProject
Global
	GlobalSection(SolutionConfigurationPlatforms) = preSolution
		Debug|Any CPU = Debug|Any CPU
		Release|Any CPU = Release|Any CPU
	EndGlobalSection
	GlobalSection(ProjectConfigurationPlatforms) = postSolution
		{BEB2FAFB-8CE7-4950-838C-5E89C2B249E8}.Debug|Any CPU.ActiveCfg = Debug|Any CPU
		{BEB2FAFB-8CE7-4950-838C-5E89C2B249E8}.Debug|Any CPU.Build.0 = Debug|Any CPU
		{BEB2FAFB-8CE7-4950-838C-5E89C2B249E8}.Release|Any CPU.ActiveCfg = Release|Any CPU
		{BEB2FAFB-8CE7-4950-838C-5E89C2B249E8}.Release|Any CPU.Build.0 = Release|Any CPU
	EndGlobalSection
	GlobalSection(SolutionProperties) = preSolution
		HideSolutionNode = FALSE
	EndGlobalSection
EndGlobal
